
Microsoft Visual Studio Solution File, Format Version 12.00
# Visual Studio Version 17
VisualStudioVersion = 17.6.33723.286
MinimumVisualStudioVersion = 10.0.40219.1
Project("{FAE04EC0-301F-11D3-BF4B-00C04F79EFBC}") = "WebFormsIdentity", "WebFormsIdentity\WebFormsIdentity.csproj", "{DCB0F715-08FA-4C48-8A3A-798F773A713E}"
EndProject
Global
	GlobalSection(SolutionConfigurationPlatforms) = preSolution
		Debug|Any CPU = Debug|Any CPU
		Release|Any CPU = Release|Any CPU
	EndGlobalSection
	GlobalSection(ProjectConfigurationPlatforms) = postSolution
		{DCB0F715-08FA-4C48-8A3A-798F773A713E}.Debug|Any CPU.ActiveCfg = Debug|Any CPU
		{DCB0F715-08FA-4C48-8A3A-798F773A713E}.Debug|Any CPU.Build.0 = Debug|Any CPU
		{DCB0F715-08FA-4C48-8A3A-798F773A713E}.Release|Any CPU.ActiveCfg = Release|Any CPU
		{DCB0F715-08FA-4C48-8A3A-798F773A713E}.Release|Any CPU.Build.0 = Release|Any CPU
	EndGlobalSection
	GlobalSection(SolutionProperties) = preSolution
		HideSolutionNode = FALSE
	EndGlobalSection
	GlobalSection(ExtensibilityGlobals) = postSolution
		SolutionGuid = {853CC384-BC97-4EF1-96AA-F66A6FCBFBE3}
	EndGlobalSection
EndGlobal
